// !$*UTF8*$!
{
	archiveVersion = 1;
	classes = {
	};
	objectVersion = 56;
	objects = {

/* Begin PBXBuildFile section */
		A3D076CB2C457D78000C2D35 /* NightsApp.swift in Sources */ = {isa = PBXBuildFile; fileRef = A3D076CA2C457D78000C2D35 /* NightsApp.swift */; };
		A3D076CD2C457D78000C2D35 /* ContentView.swift in Sources */ = {isa = PBXBuildFile; fileRef = A3D076CC2C457D78000C2D35 /* ContentView.swift */; };
		A3D076CF2C457D7A000C2D35 /* Assets.xcassets in Resources */ = {isa = PBXBuildFile; fileRef = A3D076CE2C457D7A000C2D35 /* Assets.xcassets */; };
		A3D076D22C457D7A000C2D35 /* Preview Assets.xcassets in Resources */ = {isa = PBXBuildFile; fileRef = A3D076D12C457D7A000C2D35 /* Preview Assets.xcassets */; };
		A3D076DC2C457D7B000C2D35 /* NightsTests.swift in Sources */ = {isa = PBXBuildFile; fileRef = A3D076DB2C457D7B000C2D35 /* NightsTests.swift */; };
		A3D076E62C457D7B000C2D35 /* NightsUITests.swift in Sources */ = {isa = PBXBuildFile; fileRef = A3D076E52C457D7B000C2D35 /* NightsUITests.swift */; };
		A3D076E82C457D7B000C2D35 /* NightsUITestsLaunchTests.swift in Sources */ = {isa = PBXBuildFile; fileRef = A3D076E72C457D7B000C2D35 /* NightsUITestsLaunchTests.swift */; };
/* End PBXBuildFile section */

/* Begin PBXContainerItemProxy section */
		A3D076D82C457D7B000C2D35 /* PBXContainerItemProxy */ = {
			isa = PBXContainerItemProxy;
			containerPortal = A3D076BF2C457D78000C2D35 /* Project object */;
			proxyType = 1;
			remoteGlobalIDString = A3D076C62C457D78000C2D35;
			remoteInfo = Nights;
		};
		A3D076E22C457D7B000C2D35 /* PBXContainerItemProxy */ = {
			isa = PBXContainerItemProxy;
			containerPortal = A3D076BF2C457D78000C2D35 /* Project object */;
			proxyType = 1;
			remoteGlobalIDString = A3D076C62C457D78000C2D35;
			remoteInfo = Nights;
		};
/* End PBXContainerItemProxy section */

/* Begin PBXFileReference section */
		A3D076C72C457D78000C2D35 /* Nights.app */ = {isa = PBXFileReference; explicitFileType = wrapper.application; includeInIndex = 0; path = Nights.app; sourceTree = BUILT_PRODUCTS_DIR; };
		A3D076CA2C457D78000C2D35 /* NightsApp.swift */ = {isa = PBXFileReference; lastKnownFileType = sourcecode.swift; path = NightsApp.swift; sourceTree = "<group>"; };
		A3D076CC2C457D78000C2D35 /* ContentView.swift */ = {isa = PBXFileReference; lastKnownFileType = sourcecode.swift; path = ContentView.swift; sourceTree = "<group>"; };
		A3D076CE2C457D7A000C2D35 /* Assets.xcassets */ = {isa = PBXFileReference; lastKnownFileType = folder.assetcatalog; path = Assets.xcassets; sourceTree = "<group>"; };
		A3D076D12C457D7A000C2D35 /* Preview Assets.xcassets */ = {isa = PBXFileReference; lastKnownFileType = folder.assetcatalog; path = "Preview Assets.xcassets"; sourceTree = "<group>"; };
		A3D076D72C457D7B000C2D35 /* NightsTests.xctest */ = {isa = PBXFileReference; explicitFileType = wrapper.cfbundle; includeInIndex = 0; path = NightsTests.xctest; sourceTree = BUILT_PRODUCTS_DIR; };
		A3D076DB2C457D7B000C2D35 /* NightsTests.swift */ = {isa = PBXFileReference; lastKnownFileType = sourcecode.swift; path = NightsTests.swift; sourceTree = "<group>"; };
		A3D076E12C457D7B000C2D35 /* NightsUITests.xctest */ = {isa = PBXFileReference; explicitFileType = wrapper.cfbundle; includeInIndex = 0; path = NightsUITests.xctest; sourceTree = BUILT_PRODUCTS_DIR; };
		A3D076E52C457D7B000C2D35 /* NightsUITests.swift */ = {isa = PBXFileReference; lastKnownFileType = sourcecode.swift; path = NightsUITests.swift; sourceTree = "<group>"; };
		A3D076E72C457D7B000C2D35 /* NightsUITestsLaunchTests.swift */ = {isa = PBXFileReference; lastKnownFileType = sourcecode.swift; path = NightsUITestsLaunchTests.swift; sourceTree = "<group>"; };
/* End PBXFileReference section */

/* Begin PBXFrameworksBuildPhase section */
		A3D076C42C457D78000C2D35 /* Frameworks */ = {
			isa = PBXFrameworksBuildPhase;
			buildActionMask = 2147483647;
			files = (
			);
			runOnlyForDeploymentPostprocessing = 0;
		};
		A3D076D42C457D7B000C2D35 /* Frameworks */ = {
			isa = PBXFrameworksBuildPhase;
			buildActionMask = 2147483647;
			files = (
			);
			runOnlyForDeploymentPostprocessing = 0;
		};
		A3D076DE2C457D7B000C2D35 /* Frameworks */ = {
			isa = PBXFrameworksBuildPhase;
			buildActionMask = 2147483647;
			files = (
			);
			runOnlyForDeploymentPostprocessing = 0;
		};
/* End PBXFrameworksBuildPhase section */

/* Begin PBXGroup section */
		A3D076BE2C457D78000C2D35 = {
			isa = PBXGroup;
			children = (
				A3D076C92C457D78000C2D35 /* Nights */,
				A3D076DA2C457D7B000C2D35 /* NightsTests */,
				A3D076E42C457D7B000C2D35 /* NightsUITests */,
				A3D076C82C457D78000C2D35 /* Products */,
			);
			sourceTree = "<group>";
		};
		A3D076C82C457D78000C2D35 /* Products */ = {
			isa = PBXGroup;
			children = (
				A3D076C72C457D78000C2D35 /* Nights.app */,
				A3D076D72C457D7B000C2D35 /* NightsTests.xctest */,
				A3D076E12C457D7B000C2D35 /* NightsUITests.xctest */,
			);
			name = Products;
			sourceTree = "<group>";
		};
		A3D076C92C457D78000C2D35 /* Nights */ = {
			isa = PBXGroup;
			children = (
				A3D076CA2C457D78000C2D35 /* NightsApp.swift */,
				A3D076CC2C457D78000C2D35 /* ContentView.swift */,
				A3D076CE2C457D7A000C2D35 /* Assets.xcassets */,
				A3D076D02C457D7A000C2D35 /* Preview Content */,
			);
			path = Nights;
			sourceTree = "<group>";
		};
		A3D076D02C457D7A000C2D35 /* Preview Content */ = {
			isa = PBXGroup;
			children = (
				A3D076D12C457D7A000C2D35 /* Preview Assets.xcassets */,
			);
			path = "Preview Content";
			sourceTree = "<group>";
		};
		A3D076DA2C457D7B000C2D35 /* NightsTests */ = {
			isa = PBXGroup;
			children = (
				A3D076DB2C457D7B000C2D35 /* NightsTests.swift */,
			);
			path = NightsTests;
			sourceTree = "<group>";
		};
		A3D076E42C457D7B000C2D35 /* NightsUITests */ = {
			isa = PBXGroup;
			children = (
				A3D076E52C457D7B000C2D35 /* NightsUITests.swift */,
				A3D076E72C457D7B000C2D35 /* NightsUITestsLaunchTests.swift */,
			);
			path = NightsUITests;
			sourceTree = "<group>";
		};
/* End PBXGroup section */

/* Begin PBXNativeTarget section */
		A3D076C62C457D78000C2D35 /* Nights */ = {
			isa = PBXNativeTarget;
			buildConfigurationList = A3D076EB2C457D7B000C2D35 /* Build configuration list for PBXNativeTarget "Nights" */;
			buildPhases = (
				A3D076C32C457D78000C2D35 /* Sources */,
				A3D076C42C457D78000C2D35 /* Frameworks */,
				A3D076C52C457D78000C2D35 /* Resources */,
			);
			buildRules = (
			);
			dependencies = (
			);
			name = Nights;
			productName = Nights;
			productReference = A3D076C72C457D78000C2D35 /* Nights.app */;
			productType = "com.apple.product-type.application";
		};
		A3D076D62C457D7B000C2D35 /* NightsTests */ = {
			isa = PBXNativeTarget;
			buildConfigurationList = A3D076EE2C457D7B000C2D35 /* Build configuration list for PBXNativeTarget "NightsTests" */;
			buildPhases = (
				A3D076D32C457D7B000C2D35 /* Sources */,
				A3D076D42C457D7B000C2D35 /* Frameworks */,
				A3D076D52C457D7B000C2D35 /* Resources */,
			);
			buildRules = (
			);
			dependencies = (
				A3D076D92C457D7B000C2D35 /* PBXTargetDependency */,
			);
			name = NightsTests;
			productName = NightsTests;
			productReference = A3D076D72C457D7B000C2D35 /* NightsTests.xctest */;
			productType = "com.apple.product-type.bundle.unit-test";
		};
		A3D076E02C457D7B000C2D35 /* NightsUITests */ = {
			isa = PBXNativeTarget;
			buildConfigurationList = A3D076F12C457D7B000C2D35 /* Build configuration list for PBXNativeTarget "NightsUITests" */;
			buildPhases = (
				A3D076DD2C457D7B000C2D35 /* Sources */,
				A3D076DE2C457D7B000C2D35 /* Frameworks */,
				A3D076DF2C457D7B000C2D35 /* Resources */,
			);
			buildRules = (
			);
			dependencies = (
				A3D076E32C457D7B000C2D35 /* PBXTargetDependency */,
			);
			name = NightsUITests;
			productName = NightsUITests;
			productReference = A3D076E12C457D7B000C2D35 /* NightsUITests.xctest */;
			productType = "com.apple.product-type.bundle.ui-testing";
		};
/* End PBXNativeTarget section */

/* Begin PBXProject section */
		A3D076BF2C457D78000C2D35 /* Project object */ = {
			isa = PBXProject;
			attributes = {
				BuildIndependentTargetsInParallel = 1;
				LastSwiftUpdateCheck = 1510;
				LastUpgradeCheck = 1510;
				TargetAttributes = {
					A3D076C62C457D78000C2D35 = {
						CreatedOnToolsVersion = 15.1;
					};
					A3D076D62C457D7B000C2D35 = {
						CreatedOnToolsVersion = 15.1;
						TestTargetID = A3D076C62C457D78000C2D35;
					};
					A3D076E02C457D7B000C2D35 = {
						CreatedOnToolsVersion = 15.1;
						TestTargetID = A3D076C62C457D78000C2D35;
					};
				};
			};
			buildConfigurationList = A3D076C22C457D78000C2D35 /* Build configuration list for PBXProject "Nights" */;
			compatibilityVersion = "Xcode 14.0";
			developmentRegion = en;
			hasScannedForEncodings = 0;
			knownRegions = (
				en,
				Base,
			);
			mainGroup = A3D076BE2C457D78000C2D35;
			productRefGroup = A3D076C82C457D78000C2D35 /* Products */;
			projectDirPath = "";
			projectRoot = "";
			targets = (
				A3D076C62C457D78000C2D35 /* Nights */,
				A3D076D62C457D7B000C2D35 /* NightsTests */,
				A3D076E02C457D7B000C2D35 /* NightsUITests */,
			);
		};
/* End PBXProject section */

/* Begin PBXResourcesBuildPhase section */
		A3D076C52C457D78000C2D35 /* Resources */ = {
			isa = PBXResourcesBuildPhase;
			buildActionMask = 2147483647;
			files = (
				A3D076D22C457D7A000C2D35 /* Preview Assets.xcassets in Resources */,
				A3D076CF2C457D7A000C2D35 /* Assets.xcassets in Resources */,
			);
			runOnlyForDeploymentPostprocessing = 0;
		};
		A3D076D52C457D7B000C2D35 /* Resources */ = {
			isa = PBXResourcesBuildPhase;
			buildActionMask = 2147483647;
			files = (
			);
			runOnlyForDeploymentPostprocessing = 0;
		};
		A3D076DF2C457D7B000C2D35 /* Resources */ = {
			isa = PBXResourcesBuildPhase;
			buildActionMask = 2147483647;
			files = (
			);
			runOnlyForDeploymentPostprocessing = 0;
		};
/* End PBXResourcesBuildPhase section */

/* Begin PBXSourcesBuildPhase section */
		A3D076C32C457D78000C2D35 /* Sources */ = {
			isa = PBXSourcesBuildPhase;
			buildActionMask = 2147483647;
			files = (
				A3D076CD2C457D78000C2D35 /* ContentView.swift in Sources */,
				A3D076CB2C457D78000C2D35 /* NightsApp.swift in Sources */,
			);
			runOnlyForDeploymentPostprocessing = 0;
		};
		A3D076D32C457D7B000C2D35 /* Sources */ = {
			isa = PBXSourcesBuildPhase;
			buildActionMask = 2147483647;
			files = (
				A3D076DC2C457D7B000C2D35 /* NightsTests.swift in Sources */,
			);
			runOnlyForDeploymentPostprocessing = 0;
		};
		A3D076DD2C457D7B000C2D35 /* Sources */ = {
			isa = PBXSourcesBuildPhase;
			buildActionMask = 2147483647;
			files = (
				A3D076E62C457D7B000C2D35 /* NightsUITests.swift in Sources */,
				A3D076E82C457D7B000C2D35 /* NightsUITestsLaunchTests.swift in Sources */,
			);
			runOnlyForDeploymentPostprocessing = 0;
		};
/* End PBXSourcesBuildPhase section */

/* Begin PBXTargetDependency section */
		A3D076D92C457D7B000C2D35 /* PBXTargetDependency */ = {
			isa = PBXTargetDependency;
			target = A3D076C62C457D78000C2D35 /* Nights */;
			targetProxy = A3D076D82C457D7B000C2D35 /* PBXContainerItemProxy */;
		};
		A3D076E32C457D7B000C2D35 /* PBXTargetDependency */ = {
			isa = PBXTargetDependency;
			target = A3D076C62C457D78000C2D35 /* Nights */;
			targetProxy = A3D076E22C457D7B000C2D35 /* PBXContainerItemProxy */;
		};
/* End PBXTargetDependency section */

/* Begin XCBuildConfiguration section */
		A3D076E92C457D7B000C2D35 /* Debug */ = {
			isa = XCBuildConfiguration;
			buildSettings = {
				ALWAYS_SEARCH_USER_PATHS = NO;
				ASSETCATALOG_COMPILER_GENERATE_SWIFT_ASSET_SYMBOL_EXTENSIONS = YES;
				CLANG_ANALYZER_NONNULL = YES;
				CLANG_ANALYZER_NUMBER_OBJECT_CONVERSION = YES_AGGRESSIVE;
				CLANG_CXX_LANGUAGE_STANDARD = "gnu++20";
				CLANG_ENABLE_MODULES = YES;
				CLANG_ENABLE_OBJC_ARC = YES;
				CLANG_ENABLE_OBJC_WEAK = YES;
				CLANG_WARN_BLOCK_CAPTURE_AUTORELEASING = YES;
				CLANG_WARN_BOOL_CONVERSION = YES;
				CLANG_WARN_COMMA = YES;
				CLANG_WARN_CONSTANT_CONVERSION = YES;
				CLANG_WARN_DEPRECATED_OBJC_IMPLEMENTATIONS = YES;
				CLANG_WARN_DIRECT_OBJC_ISA_USAGE = YES_ERROR;
				CLANG_WARN_DOCUMENTATION_COMMENTS = YES;
				CLANG_WARN_EMPTY_BODY = YES;
				CLANG_WARN_ENUM_CONVERSION = YES;
				CLANG_WARN_INFINITE_RECURSION = YES;
				CLANG_WARN_INT_CONVERSION = YES;
				CLANG_WARN_NON_LITERAL_NULL_CONVERSION = YES;
				CLANG_WARN_OBJC_IMPLICIT_RETAIN_SELF = YES;
				CLANG_WARN_OBJC_LITERAL_CONVERSION = YES;
				CLANG_WARN_OBJC_ROOT_CLASS = YES_ERROR;
				CLANG_WARN_QUOTED_INCLUDE_IN_FRAMEWORK_HEADER = YES;
				CLANG_WARN_RANGE_LOOP_ANALYSIS = YES;
				CLANG_WARN_STRICT_PROTOTYPES = YES;
				CLANG_WARN_SUSPICIOUS_MOVE = YES;
				CLANG_WARN_UNGUARDED_AVAILABILITY = YES_AGGRESSIVE;
				CLANG_WARN_UNREACHABLE_CODE = YES;
				CLANG_WARN__DUPLICATE_METHOD_MATCH = YES;
				COPY_PHASE_STRIP = NO;
				DEBUG_INFORMATION_FORMAT = dwarf;
				ENABLE_STRICT_OBJC_MSGSEND = YES;
				ENABLE_TESTABILITY = YES;
				ENABLE_USER_SCRIPT_SANDBOXING = YES;
				GCC_C_LANGUAGE_STANDARD = gnu17;
				GCC_DYNAMIC_NO_PIC = NO;
				GCC_NO_COMMON_BLOCKS = YES;
				GCC_OPTIMIZATION_LEVEL = 0;
				GCC_PREPROCESSOR_DEFINITIONS = (
					"DEBUG=1",
					"$(inherited)",
				);
				GCC_WARN_64_TO_32_BIT_CONVERSION = YES;
				GCC_WARN_ABOUT_RETURN_TYPE = YES_ERROR;
				GCC_WARN_UNDECLARED_SELECTOR = YES;
				GCC_WARN_UNINITIALIZED_AUTOS = YES_AGGRESSIVE;
				GCC_WARN_UNUSED_FUNCTION = YES;
				GCC_WARN_UNUSED_VARIABLE = YES;
				IPHONEOS_DEPLOYMENT_TARGET = 17.2;
				LOCALIZATION_PREFERS_STRING_CATALOGS = YES;
				MTL_ENABLE_DEBUG_INFO = INCLUDE_SOURCE;
				MTL_FAST_MATH = YES;
				ONLY_ACTIVE_ARCH = YES;
				SDKROOT = iphoneos;
				SWIFT_ACTIVE_COMPILATION_CONDITIONS = "DEBUG $(inherited)";
				SWIFT_OPTIMIZATION_LEVEL = "-Onone";
			};
			name = Debug;
		};
		A3D076EA2C457D7B000C2D35 /* Release */ = {
			isa = XCBuildConfiguration;
			buildSettings = {
				ALWAYS_SEARCH_USER_PATHS = NO;
				ASSETCATALOG_COMPILER_GENERATE_SWIFT_ASSET_SYMBOL_EXTENSIONS = YES;
				CLANG_ANALYZER_NONNULL = YES;
				CLANG_ANALYZER_NUMBER_OBJECT_CONVERSION = YES_AGGRESSIVE;
				CLANG_CXX_LANGUAGE_STANDARD = "gnu++20";
				CLANG_ENABLE_MODULES = YES;
				CLANG_ENABLE_OBJC_ARC = YES;
				CLANG_ENABLE_OBJC_WEAK = YES;
				CLANG_WARN_BLOCK_CAPTURE_AUTORELEASING = YES;
				CLANG_WARN_BOOL_CONVERSION = YES;
				CLANG_WARN_COMMA = YES;
				CLANG_WARN_CONSTANT_CONVERSION = YES;
				CLANG_WARN_DEPRECATED_OBJC_IMPLEMENTATIONS = YES;
				CLANG_WARN_DIRECT_OBJC_ISA_USAGE = YES_ERROR;
				CLANG_WARN_DOCUMENTATION_COMMENTS = YES;
				CLANG_WARN_EMPTY_BODY = YES;
				CLANG_WARN_ENUM_CONVERSION = YES;
				CLANG_WARN_INFINITE_RECURSION = YES;
				CLANG_WARN_INT_CONVERSION = YES;
				CLANG_WARN_NON_LITERAL_NULL_CONVERSION = YES;
				CLANG_WARN_OBJC_IMPLICIT_RETAIN_SELF = YES;
				CLANG_WARN_OBJC_LITERAL_CONVERSION = YES;
				CLANG_WARN_OBJC_ROOT_CLASS = YES_ERROR;
				CLANG_WARN_QUOTED_INCLUDE_IN_FRAMEWORK_HEADER = YES;
				CLANG_WARN_RANGE_LOOP_ANALYSIS = YES;
				CLANG_WARN_STRICT_PROTOTYPES = YES;
				CLANG_WARN_SUSPICIOUS_MOVE = YES;
				CLANG_WARN_UNGUARDED_AVAILABILITY = YES_AGGRESSIVE;
				CLANG_WARN_UNREACHABLE_CODE = YES;
				CLANG_WARN__DUPLICATE_METHOD_MATCH = YES;
				COPY_PHASE_STRIP = NO;
				DEBUG_INFORMATION_FORMAT = "dwarf-with-dsym";
				ENABLE_NS_ASSERTIONS = NO;
				ENABLE_STRICT_OBJC_MSGSEND = YES;
				ENABLE_USER_SCRIPT_SANDBOXING = YES;
				GCC_C_LANGUAGE_STANDARD = gnu17;
				GCC_NO_COMMON_BLOCKS = YES;
				GCC_WARN_64_TO_32_BIT_CONVERSION = YES;
				GCC_WARN_ABOUT_RETURN_TYPE = YES_ERROR;
				GCC_WARN_UNDECLARED_SELECTOR = YES;
				GCC_WARN_UNINITIALIZED_AUTOS = YES_AGGRESSIVE;
				GCC_WARN_UNUSED_FUNCTION = YES;
				GCC_WARN_UNUSED_VARIABLE = YES;
				IPHONEOS_DEPLOYMENT_TARGET = 17.2;
				LOCALIZATION_PREFERS_STRING_CATALOGS = YES;
				MTL_ENABLE_DEBUG_INFO = NO;
				MTL_FAST_MATH = YES;
				SDKROOT = iphoneos;
				SWIFT_COMPILATION_MODE = wholemodule;
				VALIDATE_PRODUCT = YES;
			};
			name = Release;
		};
		A3D076EC2C457D7B000C2D35 /* Debug */ = {
			isa = XCBuildConfiguration;
			buildSettings = {
				ASSETCATALOG_COMPILER_APPICON_NAME = AppIcon;
				ASSETCATALOG_COMPILER_GLOBAL_ACCENT_COLOR_NAME = AccentColor;
				CODE_SIGN_STYLE = Automatic;
				CURRENT_PROJECT_VERSION = 1;
				DEVELOPMENT_ASSET_PATHS = "\"Nights/Preview Content\"";
				DEVELOPMENT_TEAM = BSNUHR79CQ;
				ENABLE_PREVIEWS = YES;
				GENERATE_INFOPLIST_FILE = YES;
				INFOPLIST_KEY_UIApplicationSceneManifest_Generation = YES;
				INFOPLIST_KEY_UIApplicationSupportsIndirectInputEvents = YES;
				INFOPLIST_KEY_UILaunchScreen_Generation = YES;
				INFOPLIST_KEY_UISupportedInterfaceOrientations_iPad = "UIInterfaceOrientationPortrait UIInterfaceOrientationPortraitUpsideDown UIInterfaceOrientationLandscapeLeft UIInterfaceOrientationLandscapeRight";
				INFOPLIST_KEY_UISupportedInterfaceOrientations_iPhone = "UIInterfaceOrientationPortrait UIInterfaceOrientationLandscapeLeft UIInterfaceOrientationLandscapeRight";
				LD_RUNPATH_SEARCH_PATHS = (
					"$(inherited)",
					"@executable_path/Frameworks",
				);
				MARKETING_VERSION = 1.0;
				PRODUCT_BUNDLE_IDENTIFIER = nights.Nights;
				PRODUCT_NAME = "$(TARGET_NAME)";
				SWIFT_EMIT_LOC_STRINGS = YES;
				SWIFT_VERSION = 5.0;
				TARGETED_DEVICE_FAMILY = "1,2";
			};
			name = Debug;
		};
		A3D076ED2C457D7B000C2D35 /* Release */ = {
			isa = XCBuildConfiguration;
			buildSettings = {
				ASSETCATALOG_COMPILER_APPICON_NAME = AppIcon;
				ASSETCATALOG_COMPILER_GLOBAL_ACCENT_COLOR_NAME = AccentColor;
				CODE_SIGN_STYLE = Automatic;
				CURRENT_PROJECT_VERSION = 1;
				DEVELOPMENT_ASSET_PATHS = "\"Nights/Preview Content\"";
				DEVELOPMENT_TEAM = BSNUHR79CQ;
				ENABLE_PREVIEWS = YES;
				GENERATE_INFOPLIST_FILE = YES;
				INFOPLIST_KEY_UIApplicationSceneManifest_Generation = YES;
				INFOPLIST_KEY_UIApplicationSupportsIndirectInputEvents = YES;
				INFOPLIST_KEY_UILaunchScreen_Generation = YES;
				INFOPLIST_KEY_UISupportedInterfaceOrientations_iPad = "UIInterfaceOrientationPortrait UIInterfaceOrientationPortraitUpsideDown UIInterfaceOrientationLandscapeLeft UIInterfaceOrientationLandscapeRight";
				INFOPLIST_KEY_UISupportedInterfaceOrientations_iPhone = "UIInterfaceOrientationPortrait UIInterfaceOrientationLandscapeLeft UIInterfaceOrientationLandscapeRight";
				LD_RUNPATH_SEARCH_PATHS = (
					"$(inherited)",
					"@executable_path/Frameworks",
				);
				MARKETING_VERSION = 1.0;
				PRODUCT_BUNDLE_IDENTIFIER = nights.Nights;
				PRODUCT_NAME = "$(TARGET_NAME)";
				SWIFT_EMIT_LOC_STRINGS = YES;
				SWIFT_VERSION = 5.0;
				TARGETED_DEVICE_FAMILY = "1,2";
			};
			name = Release;
		};
		A3D076EF2C457D7B000C2D35 /* Debug */ = {
			isa = XCBuildConfiguration;
			buildSettings = {
				ALWAYS_EMBED_SWIFT_STANDARD_LIBRARIES = YES;
				BUNDLE_LOADER = "$(TEST_HOST)";
				CODE_SIGN_STYLE = Automatic;
				CURRENT_PROJECT_VERSION = 1;
				DEVELOPMENT_TEAM = BSNUHR79CQ;
				GENERATE_INFOPLIST_FILE = YES;
				IPHONEOS_DEPLOYMENT_TARGET = 17.2;
				MARKETING_VERSION = 1.0;
				PRODUCT_BUNDLE_IDENTIFIER = nights.NightsTests;
				PRODUCT_NAME = "$(TARGET_NAME)";
				SWIFT_EMIT_LOC_STRINGS = NO;
				SWIFT_VERSION = 5.0;
				TARGETED_DEVICE_FAMILY = "1,2";
				TEST_HOST = "$(BUILT_PRODUCTS_DIR)/Nights.app/$(BUNDLE_EXECUTABLE_FOLDER_PATH)/Nights";
			};
			name = Debug;
		};
		A3D076F02C457D7B000C2D35 /* Release */ = {
			isa = XCBuildConfiguration;
			buildSettings = {
				ALWAYS_EMBED_SWIFT_STANDARD_LIBRARIES = YES;
				BUNDLE_LOADER = "$(TEST_HOST)";
				CODE_SIGN_STYLE = Automatic;
				CURRENT_PROJECT_VERSION = 1;
				DEVELOPMENT_TEAM = BSNUHR79CQ;
				GENERATE_INFOPLIST_FILE = YES;
				IPHONEOS_DEPLOYMENT_TARGET = 17.2;
				MARKETING_VERSION = 1.0;
				PRODUCT_BUNDLE_IDENTIFIER = nights.NightsTests;
				PRODUCT_NAME = "$(TARGET_NAME)";
				SWIFT_EMIT_LOC_STRINGS = NO;
				SWIFT_VERSION = 5.0;
				TARGETED_DEVICE_FAMILY = "1,2";
				TEST_HOST = "$(BUILT_PRODUCTS_DIR)/Nights.app/$(BUNDLE_EXECUTABLE_FOLDER_PATH)/Nights";
			};
			name = Release;
		};
		A3D076F22C457D7B000C2D35 /* Debug */ = {
			isa = XCBuildConfiguration;
			buildSettings = {
				ALWAYS_EMBED_SWIFT_STANDARD_LIBRARIES = YES;
				CODE_SIGN_STYLE = Automatic;
				CURRENT_PROJECT_VERSION = 1;
				DEVELOPMENT_TEAM = BSNUHR79CQ;
				GENERATE_INFOPLIST_FILE = YES;
				MARKETING_VERSION = 1.0;
				PRODUCT_BUNDLE_IDENTIFIER = nights.NightsUITests;
				PRODUCT_NAME = "$(TARGET_NAME)";
				SWIFT_EMIT_LOC_STRINGS = NO;
				SWIFT_VERSION = 5.0;
				TARGETED_DEVICE_FAMILY = "1,2";
				TEST_TARGET_NAME = Nights;
			};
			name = Debug;
		};
		A3D076F32C457D7B000C2D35 /* Release */ = {
			isa = XCBuildConfiguration;
			buildSettings = {
				ALWAYS_EMBED_SWIFT_STANDARD_LIBRARIES = YES;
				CODE_SIGN_STYLE = Automatic;
				CURRENT_PROJECT_VERSION = 1;
				DEVELOPMENT_TEAM = BSNUHR79CQ;
				GENERATE_INFOPLIST_FILE = YES;
				MARKETING_VERSION = 1.0;
				PRODUCT_BUNDLE_IDENTIFIER = nights.NightsUITests;
				PRODUCT_NAME = "$(TARGET_NAME)";
				SWIFT_EMIT_LOC_STRINGS = NO;
				SWIFT_VERSION = 5.0;
				TARGETED_DEVICE_FAMILY = "1,2";
				TEST_TARGET_NAME = Nights;
			};
			name = Release;
		};
/* End XCBuildConfiguration section */

/* Begin XCConfigurationList section */
		A3D076C22C457D78000C2D35 /* Build configuration list for PBXProject "Nights" */ = {
			isa = XCConfigurationList;
			buildConfigurations = (
				A3D076E92C457D7B000C2D35 /* Debug */,
				A3D076EA2C457D7B000C2D35 /* Release */,
			);
			defaultConfigurationIsVisible = 0;
			defaultConfigurationName = Release;
		};
		A3D076EB2C457D7B000C2D35 /* Build configuration list for PBXNativeTarget "Nights" */ = {
			isa = XCConfigurationList;
			buildConfigurations = (
				A3D076EC2C457D7B000C2D35 /* Debug */,
				A3D076ED2C457D7B000C2D35 /* Release */,
			);
			defaultConfigurationIsVisible = 0;
			defaultConfigurationName = Release;
		};
		A3D076EE2C457D7B000C2D35 /* Build configuration list for PBXNativeTarget "NightsTests" */ = {
			isa = XCConfigurationList;
			buildConfigurations = (
				A3D076EF2C457D7B000C2D35 /* Debug */,
				A3D076F02C457D7B000C2D35 /* Release */,
			);
			defaultConfigurationIsVisible = 0;
			defaultConfigurationName = Release;
		};
		A3D076F12C457D7B000C2D35 /* Build configuration list for PBXNativeTarget "NightsUITests" */ = {
			isa = XCConfigurationList;
			buildConfigurations = (
				A3D076F22C457D7B000C2D35 /* Debug */,
				A3D076F32C457D7B000C2D35 /* Release */,
			);
			defaultConfigurationIsVisible = 0;
			defaultConfigurationName = Release;
		};
/* End XCConfigurationList section */
	};
	rootObject = A3D076BF2C457D78000C2D35 /* Project object */;
}
